<Solution>
  <Folder Name="/BuildingBlocks/">
    <Project Path="BuildingBlocks/BuildingBlocks/BuildingBlocks.csproj" Id="063aa7c6-e031-43f4-8693-301712919376" />
  </Folder>
  <Project Path="docker-compose.dcproj">
    <Build />
  </Project>
  <Project Path="Services/Basket/Basket.API/Basket.API.csproj" Id="df276b92-71d0-4273-be3c-f30a03232235" />
  <Project Path="Services/Catalog/Catalog.API/Catalog.API.csproj" />
</Solution>
